
Microsoft Visual Studio Solution File, Format Version 12.00
# Visual Studio Version 16
VisualStudioVersion = 16.0.31729.503
MinimumVisualStudioVersion = 10.0.40219.1
Project("{FAE04EC0-301F-11D3-BF4B-00C04F79EFBC}") = "Ratings", "Ratings\Ratings.csproj", "{9C81B4CD-7BD6-4CD5-85C2-08592116B012}"
EndProject
Global
	GlobalSection(SolutionConfigurationPlatforms) = preSolution
		Debug|Any CPU = Debug|Any CPU
		Release|Any CPU = Release|Any CPU
	EndGlobalSection
	GlobalSection(ProjectConfigurationPlatforms) = postSolution
		{9C81B4CD-7BD6-4CD5-85C2-08592116B012}.Debug|Any CPU.ActiveCfg = Debug|Any CPU
		{9C81B4CD-7BD6-4CD5-85C2-08592116B012}.Debug|Any CPU.Build.0 = Debug|Any CPU
		{9C81B4CD-7BD6-4CD5-85C2-08592116B012}.Release|Any CPU.ActiveCfg = Release|Any CPU
		{9C81B4CD-7BD6-4CD5-85C2-08592116B012}.Release|Any CPU.Build.0 = Release|Any CPU
	EndGlobalSection
	GlobalSection(SolutionProperties) = preSolution
		HideSolutionNode = FALSE
	EndGlobalSection
	GlobalSection(ExtensibilityGlobals) = postSolution
		SolutionGuid = {1130A07E-ADF4-46C0-B4B9-F0AF41C23D0A}
	EndGlobalSection
EndGlobal
